
Microsoft Visual Studio Solution File, Format Version 12.00
# Visual Studio Version 16
VisualStudioVersion = 16.0.28803.202
MinimumVisualStudioVersion = 10.0.40219.1
Project("{FAE04EC0-301F-11D3-BF4B-00C04F79EFBC}") = "AnimationTool", "AnimationTool\AnimationTool.csproj", "{A1D83FD4-2639-4CAA-9722-A0591DA88A5A}"
EndProject
Global
	GlobalSection(SolutionConfigurationPlatforms) = preSolution
		Debug|Any CPU = Debug|Any CPU
		Release|Any CPU = Release|Any CPU
	EndGlobalSection
	GlobalSection(ProjectConfigurationPlatforms) = postSolution
		{A1D83FD4-2639-4CAA-9722-A0591DA88A5A}.Debug|Any CPU.ActiveCfg = Debug|Any CPU
		{A1D83FD4-2639-4CAA-9722-A0591DA88A5A}.Debug|Any CPU.Build.0 = Debug|Any CPU
		{A1D83FD4-2639-4CAA-9722-A0591DA88A5A}.Release|Any CPU.ActiveCfg = Release|Any CPU
		{A1D83FD4-2639-4CAA-9722-A0591DA88A5A}.Release|Any CPU.Build.0 = Release|Any CPU
	EndGlobalSection
	GlobalSection(SolutionProperties) = preSolution
		HideSolutionNode = FALSE
	EndGlobalSection
	GlobalSection(ExtensibilityGlobals) = postSolution
		SolutionGuid = {5AE4E19B-3C8B-42CC-9A76-1576324894C2}
	EndGlobalSection
EndGlobal
